
Microsoft Visual Studio Solution File, Format Version 12.00
# Visual Studio Version 17
VisualStudioVersion = 17.9.34728.123
MinimumVisualStudioVersion = 10.0.40219.1
Project("{FAE04EC0-301F-11D3-BF4B-00C04F79EFBC}") = "Kveðja", "Kveðja\Kveðja.csproj", "{45BB29C3-D19B-4532-872C-7D66A208D073}"
EndProject
Global
	GlobalSection(SolutionConfigurationPlatforms) = preSolution
		Debug|Any CPU = Debug|Any CPU
		Release|Any CPU = Release|Any CPU
	EndGlobalSection
	GlobalSection(ProjectConfigurationPlatforms) = postSolution
		{45BB29C3-D19B-4532-872C-7D66A208D073}.Debug|Any CPU.ActiveCfg = Debug|Any CPU
		{45BB29C3-D19B-4532-872C-7D66A208D073}.Debug|Any CPU.Build.0 = Debug|Any CPU
		{45BB29C3-D19B-4532-872C-7D66A208D073}.Release|Any CPU.ActiveCfg = Release|Any CPU
		{45BB29C3-D19B-4532-872C-7D66A208D073}.Release|Any CPU.Build.0 = Release|Any CPU
	EndGlobalSection
	GlobalSection(SolutionProperties) = preSolution
		HideSolutionNode = FALSE
	EndGlobalSection
	GlobalSection(ExtensibilityGlobals) = postSolution
		SolutionGuid = {A98C8214-4B77-44B3-95BB-227648764B26}
	EndGlobalSection
EndGlobal
